
Microsoft Visual Studio Solution File, Format Version 12.00
# Visual Studio Version 16
VisualStudioVersion = 16.0.28803.452
MinimumVisualStudioVersion = 10.0.40219.1
Project("{FAE04EC0-301F-11D3-BF4B-00C04F79EFBC}") = "WebApplication1", "WebApplication1\WebApplication1.csproj", "{71D702BD-A9A0-4B4D-8482-DEF58DB4EBD2}"
EndProject
Global
	GlobalSection(SolutionConfigurationPlatforms) = preSolution
		Debug|Any CPU = Debug|Any CPU
		Release|Any CPU = Release|Any CPU
	EndGlobalSection
	GlobalSection(ProjectConfigurationPlatforms) = postSolution
		{71D702BD-A9A0-4B4D-8482-DEF58DB4EBD2}.Debug|Any CPU.ActiveCfg = Debug|Any CPU
		{71D702BD-A9A0-4B4D-8482-DEF58DB4EBD2}.Debug|Any CPU.Build.0 = Debug|Any CPU
		{71D702BD-A9A0-4B4D-8482-DEF58DB4EBD2}.Release|Any CPU.ActiveCfg = Release|Any CPU
		{71D702BD-A9A0-4B4D-8482-DEF58DB4EBD2}.Release|Any CPU.Build.0 = Release|Any CPU
	EndGlobalSection
	GlobalSection(SolutionProperties) = preSolution
		HideSolutionNode = FALSE
	EndGlobalSection
	GlobalSection(ExtensibilityGlobals) = postSolution
		SolutionGuid = {C1CC7575-099B-490A-A714-51134078EBDA}
	EndGlobalSection
EndGlobal
